
Microsoft Visual Studio Solution File, Format Version 12.00
# Visual Studio 15
VisualStudioVersion = 15.0.26430.6
MinimumVisualStudioVersion = 10.0.40219.1
Project("{FAE04EC0-301F-11D3-BF4B-00C04F79EFBC}") = "pongml-cs-core-library", "pongml-cs-core-library\pongml-cs-core-library.csproj", "{AF6F9051-3F1A-4063-B870-E8E1A5F2ED89}"
EndProject
Project("{2150E333-8FDC-42A3-9474-1A3956D46DE8}") = "pongml-cs-core-tests", "pongml-cs-core-tests", "{D8D50AE6-C8E1-4034-A49C-B373AF8BD26C}"
EndProject
Project("{FAE04EC0-301F-11D3-BF4B-00C04F79EFBC}") = "XORBackpropagation", "pongml-cs-core-tests\XORBackpropagation\XORBackpropagation.csproj", "{040EE88B-4832-45E4-AA63-63F1CDB8A2FC}"
EndProject
Global
	GlobalSection(SolutionConfigurationPlatforms) = preSolution
		Debug|Any CPU = Debug|Any CPU
		Release|Any CPU = Release|Any CPU
	EndGlobalSection
	GlobalSection(ProjectConfigurationPlatforms) = postSolution
		{AF6F9051-3F1A-4063-B870-E8E1A5F2ED89}.Debug|Any CPU.ActiveCfg = Debug|Any CPU
		{AF6F9051-3F1A-4063-B870-E8E1A5F2ED89}.Debug|Any CPU.Build.0 = Debug|Any CPU
		{AF6F9051-3F1A-4063-B870-E8E1A5F2ED89}.Release|Any CPU.ActiveCfg = Release|Any CPU
		{AF6F9051-3F1A-4063-B870-E8E1A5F2ED89}.Release|Any CPU.Build.0 = Release|Any CPU
		{040EE88B-4832-45E4-AA63-63F1CDB8A2FC}.Debug|Any CPU.ActiveCfg = Debug|Any CPU
		{040EE88B-4832-45E4-AA63-63F1CDB8A2FC}.Debug|Any CPU.Build.0 = Debug|Any CPU
		{040EE88B-4832-45E4-AA63-63F1CDB8A2FC}.Release|Any CPU.ActiveCfg = Release|Any CPU
		{040EE88B-4832-45E4-AA63-63F1CDB8A2FC}.Release|Any CPU.Build.0 = Release|Any CPU
	EndGlobalSection
	GlobalSection(SolutionProperties) = preSolution
		HideSolutionNode = FALSE
	EndGlobalSection
	GlobalSection(NestedProjects) = preSolution
		{040EE88B-4832-45E4-AA63-63F1CDB8A2FC} = {D8D50AE6-C8E1-4034-A49C-B373AF8BD26C}
	EndGlobalSection
EndGlobal
